
Microsoft Visual Studio Solution File, Format Version 12.00
# Visual Studio Version 16
VisualStudioVersion = 16.0.31702.278
MinimumVisualStudioVersion = 10.0.40219.1
Project("{FAE04EC0-301F-11D3-BF4B-00C04F79EFBC}") = "WarInText", "WarInText\WarInText.csproj", "{77219EB8-CABA-4256-B88A-A102554BDB8E}"
EndProject
Global
	GlobalSection(SolutionConfigurationPlatforms) = preSolution
		Debug|Any CPU = Debug|Any CPU
		Release|Any CPU = Release|Any CPU
	EndGlobalSection
	GlobalSection(ProjectConfigurationPlatforms) = postSolution
		{77219EB8-CABA-4256-B88A-A102554BDB8E}.Debug|Any CPU.ActiveCfg = Debug|Any CPU
		{77219EB8-CABA-4256-B88A-A102554BDB8E}.Debug|Any CPU.Build.0 = Debug|Any CPU
		{77219EB8-CABA-4256-B88A-A102554BDB8E}.Release|Any CPU.ActiveCfg = Release|Any CPU
		{77219EB8-CABA-4256-B88A-A102554BDB8E}.Release|Any CPU.Build.0 = Release|Any CPU
	EndGlobalSection
	GlobalSection(SolutionProperties) = preSolution
		HideSolutionNode = FALSE
	EndGlobalSection
	GlobalSection(ExtensibilityGlobals) = postSolution
		SolutionGuid = {05F824DE-EAAB-4521-8392-D54C4C3F40EB}
	EndGlobalSection
EndGlobal
